{
  "name": "jesus",
  "version": "1.0.0",
  "lockfileVersion": 1,
  "requires": true,
  "dependencies": {
    "ccxt": {
      "version": "1.45.97",
      "resolved": "https://registry.npmjs.org/ccxt/-/ccxt-1.45.97.tgz",
      "integrity": "sha512-p42hHjR2cmmdhn4n/A93nokwkS181YopbYQYinxDbaKe5x5o7GfRFgEgTccIJdvCOGSZ/T5N2EX3svcNggqlJA=="
    }
  }
}
